PODS:
  - AppCenter (4.1.1):
    - AppCenter/Analytics (= 4.1.1)
    - AppCenter/Crashes (= 4.1.1)
  - AppCenter/Analytics (4.1.1):
    - AppCenter/Core
  - AppCenter/Core (4.1.1)
  - AppCenter/Crashes (4.1.1):
    - AppCenter/Core

DEPENDENCIES:
  - AppCenter

SPEC REPOS:
  trunk:
    - AppCenter

SPEC CHECKSUMS:
  AppCenter: cd53e3ed3563cc720bcb806c9731a12389b40d44

PODFILE CHECKSUM: 1246b44d8822d5ac2b7d7b7c0cdcff5ab123f88d

COCOAPODS: 1.10.1
