// !$*UTF8*$!
{
	archiveVersion = 1;
	classes = {
	};
	objectVersion = 50;
	objects = {

/* Begin PBXBuildFile section */
		188205F126C6BEFC007E2244 /* AppDelegate.swift in Sources */ = {isa = PBXBuildFile; fileRef = 188205F026C6BEFC007E2244 /* AppDelegate.swift */; };
		188205F326C6BEFC007E2244 /* SceneDelegate.swift in Sources */ = {isa = PBXBuildFile; fileRef = 188205F226C6BEFC007E2244 /* SceneDelegate.swift */; };
		188205F526C6BEFC007E2244 /* ViewController.swift in Sources */ = {isa = PBXBuildFile; fileRef = 188205F426C6BEFC007E2244 /* ViewController.swift */; };
		188205F826C6BEFC007E2244 /* Main.storyboard in Resources */ = {isa = PBXBuildFile; fileRef = 188205F626C6BEFC007E2244 /* Main.storyboard */; };
		188205FA26C6BEFE007E2244 /* Assets.xcassets in Resources */ = {isa = PBXBuildFile; fileRef = 188205F926C6BEFE007E2244 /* Assets.xcassets */; };
		188205FD26C6BEFE007E2244 /* LaunchScreen.storyboard in Resources */ = {isa = PBXBuildFile; fileRef = 188205FB26C6BEFE007E2244 /* LaunchScreen.storyboard */; };
		1882060826C6BEFE007E2244 /* RxMVVMTests.swift in Sources */ = {isa = PBXBuildFile; fileRef = 1882060726C6BEFE007E2244 /* RxMVVMTests.swift */; };
		1882061326C6BEFE007E2244 /* RxMVVMUITests.swift in Sources */ = {isa = PBXBuildFile; fileRef = 1882061226C6BEFE007E2244 /* RxMVVMUITests.swift */; };
		1882062926C6C104007E2244 /* BaseApiClient.swift in Sources */ = {isa = PBXBuildFile; fileRef = 1882062826C6C104007E2244 /* BaseApiClient.swift */; };
		1882062A26C6C104007E2244 /* BaseApiClient.swift in Sources */ = {isa = PBXBuildFile; fileRef = 1882062826C6C104007E2244 /* BaseApiClient.swift */; };
		1882062C26C6C113007E2244 /* BaseRepository.swift in Sources */ = {isa = PBXBuildFile; fileRef = 1882062B26C6C113007E2244 /* BaseRepository.swift */; };
		1882062D26C6C113007E2244 /* BaseRepository.swift in Sources */ = {isa = PBXBuildFile; fileRef = 1882062B26C6C113007E2244 /* BaseRepository.swift */; };
		18EBC52426C7786300B74808 /* HTTPMethod.swift in Sources */ = {isa = PBXBuildFile; fileRef = 18EBC52326C7786300B74808 /* HTTPMethod.swift */; };
		18EBC52526C7786300B74808 /* HTTPMethod.swift in Sources */ = {isa = PBXBuildFile; fileRef = 18EBC52326C7786300B74808 /* HTTPMethod.swift */; };
		18EBC52726C7793700B74808 /* ServicesProtocol.swift in Sources */ = {isa = PBXBuildFile; fileRef = 18EBC52626C7793700B74808 /* ServicesProtocol.swift */; };
		18EBC52826C7793700B74808 /* ServicesProtocol.swift in Sources */ = {isa = PBXBuildFile; fileRef = 18EBC52626C7793700B74808 /* ServicesProtocol.swift */; };
		5B3B0E330FD93DBF6F33A773 /* Pods_RxMVVMTests.framework in Frameworks */ = {isa = PBXBuildFile; fileRef = B52668311747CE9DE7A4A2C4 /* Pods_RxMVVMTests.framework */; };
		68F8D08CF1806E2F4BA0324A /* Pods_RxMVVM.framework in Frameworks */ = {isa = PBXBuildFile; fileRef = B4A62B90185937A083E13624 /* Pods_RxMVVM.framework */; };
		E09A2F9EBD29E946ACD9570B /* Pods_RxMVVM_RxMVVMUITests.framework in Frameworks */ = {isa = PBXBuildFile; fileRef = F9E63FA87178206A76A2533D /* Pods_RxMVVM_RxMVVMUITests.framework */; };
/* End PBXBuildFile section */

/* Begin PBXContainerItemProxy section */
		1882060426C6BEFE007E2244 /* PBXContainerItemProxy */ = {
			isa = PBXContainerItemProxy;
			containerPortal = 188205E526C6BEFC007E2244 /* Project object */;
			proxyType = 1;
			remoteGlobalIDString = 188205EC26C6BEFC007E2244;
			remoteInfo = RxMVVM;
		};
		1882060F26C6BEFE007E2244 /* PBXContainerItemProxy */ = {
			isa = PBXContainerItemProxy;
			containerPortal = 188205E526C6BEFC007E2244 /* Project object */;
			proxyType = 1;
			remoteGlobalIDString = 188205EC26C6BEFC007E2244;
			remoteInfo = RxMVVM;
		};
/* End PBXContainerItemProxy section */

/* Begin PBXFileReference section */
		188205ED26C6BEFC007E2244 /* RxMVVM.app */ = {isa = PBXFileReference; explicitFileType = wrapper.application; includeInIndex = 0; path = RxMVVM.app; sourceTree = BUILT_PRODUCTS_DIR; };
		188205F026C6BEFC007E2244 /* AppDelegate.swift */ = {isa = PBXFileReference; lastKnownFileType = sourcecode.swift; path = AppDelegate.swift; sourceTree = "<group>"; };
		188205F226C6BEFC007E2244 /* SceneDelegate.swift */ = {isa = PBXFileReference; lastKnownFileType = sourcecode.swift; path = SceneDelegate.swift; sourceTree = "<group>"; };
		188205F426C6BEFC007E2244 /* ViewController.swift */ = {isa = PBXFileReference; lastKnownFileType = sourcecode.swift; path = ViewController.swift; sourceTree = "<group>"; };
		188205F726C6BEFC007E2244 /* Base */ = {isa = PBXFileReference; lastKnownFileType = file.storyboard; name = Base; path = Base.lproj/Main.storyboard; sourceTree = "<group>"; };
		188205F926C6BEFE007E2244 /* Assets.xcassets */ = {isa = PBXFileReference; lastKnownFileType = folder.assetcatalog; path = Assets.xcassets; sourceTree = "<group>"; };
		188205FC26C6BEFE007E2244 /* Base */ = {isa = PBXFileReference; lastKnownFileType = file.storyboard; name = Base; path = Base.lproj/LaunchScreen.storyboard; sourceTree = "<group>"; };
		188205FE26C6BEFE007E2244 /* Info.plist */ = {isa = PBXFileReference; lastKnownFileType = text.plist.xml; path = Info.plist; sourceTree = "<group>"; };
		1882060326C6BEFE007E2244 /* RxMVVMTests.xctest */ = {isa = PBXFileReference; explicitFileType = wrapper.cfbundle; includeInIndex = 0; path = RxMVVMTests.xctest; sourceTree = BUILT_PRODUCTS_DIR; };
		1882060726C6BEFE007E2244 /* RxMVVMTests.swift */ = {isa = PBXFileReference; lastKnownFileType = sourcecode.swift; path = RxMVVMTests.swift; sourceTree = "<group>"; };
		1882060926C6BEFE007E2244 /* Info.plist */ = {isa = PBXFileReference; lastKnownFileType = text.plist.xml; path = Info.plist; sourceTree = "<group>"; };
		1882060E26C6BEFE007E2244 /* RxMVVMUITests.xctest */ = {isa = PBXFileReference; explicitFileType = wrapper.cfbundle; includeInIndex = 0; path = RxMVVMUITests.xctest; sourceTree = BUILT_PRODUCTS_DIR; };
		1882061226C6BEFE007E2244 /* RxMVVMUITests.swift */ = {isa = PBXFileReference; lastKnownFileType = sourcecode.swift; path = RxMVVMUITests.swift; sourceTree = "<group>"; };
		1882061426C6BEFE007E2244 /* Info.plist */ = {isa = PBXFileReference; lastKnownFileType = text.plist.xml; path = Info.plist; sourceTree = "<group>"; };
		1882062826C6C104007E2244 /* BaseApiClient.swift */ = {isa = PBXFileReference; lastKnownFileType = sourcecode.swift; path = BaseApiClient.swift; sourceTree = "<group>"; };
		1882062B26C6C113007E2244 /* BaseRepository.swift */ = {isa = PBXFileReference; lastKnownFileType = sourcecode.swift; path = BaseRepository.swift; sourceTree = "<group>"; };
		18EBC52326C7786300B74808 /* HTTPMethod.swift */ = {isa = PBXFileReference; lastKnownFileType = sourcecode.swift; path = HTTPMethod.swift; sourceTree = "<group>"; };
		18EBC52626C7793700B74808 /* ServicesProtocol.swift */ = {isa = PBXFileReference; lastKnownFileType = sourcecode.swift; path = ServicesProtocol.swift; sourceTree = "<group>"; };
		2FA2080B25300EC569153F1B /* Pods-RxMVVM.debug.xcconfig */ = {isa = PBXFileReference; includeInIndex = 1; lastKnownFileType = text.xcconfig; name = "Pods-RxMVVM.debug.xcconfig"; path = "Target Support Files/Pods-RxMVVM/Pods-RxMVVM.debug.xcconfig"; sourceTree = "<group>"; };
		3685D3FC770E44CEA20F96D9 /* Pods-RxMVVM.release.xcconfig */ = {isa = PBXFileReference; includeInIndex = 1; lastKnownFileType = text.xcconfig; name = "Pods-RxMVVM.release.xcconfig"; path = "Target Support Files/Pods-RxMVVM/Pods-RxMVVM.release.xcconfig"; sourceTree = "<group>"; };
		7B496E7364454CC08F4CE811 /* Pods-RxMVVMTests.release.xcconfig */ = {isa = PBXFileReference; includeInIndex = 1; lastKnownFileType = text.xcconfig; name = "Pods-RxMVVMTests.release.xcconfig"; path = "Target Support Files/Pods-RxMVVMTests/Pods-RxMVVMTests.release.xcconfig"; sourceTree = "<group>"; };
		976C43C2A84C99E991321B76 /* Pods-RxMVVM-RxMVVMUITests.debug.xcconfig */ = {isa = PBXFileReference; includeInIndex = 1; lastKnownFileType = text.xcconfig; name = "Pods-RxMVVM-RxMVVMUITests.debug.xcconfig"; path = "Target Support Files/Pods-RxMVVM-RxMVVMUITests/Pods-RxMVVM-RxMVVMUITests.debug.xcconfig"; sourceTree = "<group>"; };
		B2C5D7AF1A7352C8E10FE7A0 /* Pods-RxMVVMTests.debug.xcconfig */ = {isa = PBXFileReference; includeInIndex = 1; lastKnownFileType = text.xcconfig; name = "Pods-RxMVVMTests.debug.xcconfig"; path = "Target Support Files/Pods-RxMVVMTests/Pods-RxMVVMTests.debug.xcconfig"; sourceTree = "<group>"; };
		B4A62B90185937A083E13624 /* Pods_RxMVVM.framework */ = {isa = PBXFileReference; explicitFileType = wrapper.framework; includeInIndex = 0; path = Pods_RxMVVM.framework; sourceTree = BUILT_PRODUCTS_DIR; };
		B52668311747CE9DE7A4A2C4 /* Pods_RxMVVMTests.framework */ = {isa = PBXFileReference; explicitFileType = wrapper.framework; includeInIndex = 0; path = Pods_RxMVVMTests.framework; sourceTree = BUILT_PRODUCTS_DIR; };
		ECC1B6DB77E01603E8266BBB /* Pods-RxMVVM-RxMVVMUITests.release.xcconfig */ = {isa = PBXFileReference; includeInIndex = 1; lastKnownFileType = text.xcconfig; name = "Pods-RxMVVM-RxMVVMUITests.release.xcconfig"; path = "Target Support Files/Pods-RxMVVM-RxMVVMUITests/Pods-RxMVVM-RxMVVMUITests.release.xcconfig"; sourceTree = "<group>"; };
		F9E63FA87178206A76A2533D /* Pods_RxMVVM_RxMVVMUITests.framework */ = {isa = PBXFileReference; explicitFileType = wrapper.framework; includeInIndex = 0; path = Pods_RxMVVM_RxMVVMUITests.framework; sourceTree = BUILT_PRODUCTS_DIR; };
/* End PBXFileReference section */

/* Begin PBXFrameworksBuildPhase section */
		188205EA26C6BEFC007E2244 /* Frameworks */ = {
			isa = PBXFrameworksBuildPhase;
			buildActionMask = 2147483647;
			files = (
				68F8D08CF1806E2F4BA0324A /* Pods_RxMVVM.framework in Frameworks */,
			);
			runOnlyForDeploymentPostprocessing = 0;
		};
		1882060026C6BEFE007E2244 /* Frameworks */ = {
			isa = PBXFrameworksBuildPhase;
			buildActionMask = 2147483647;
			files = (
				5B3B0E330FD93DBF6F33A773 /* Pods_RxMVVMTests.framework in Frameworks */,
			);
			runOnlyForDeploymentPostprocessing = 0;
		};
		1882060B26C6BEFE007E2244 /* Frameworks */ = {
			isa = PBXFrameworksBuildPhase;
			buildActionMask = 2147483647;
			files = (
				E09A2F9EBD29E946ACD9570B /* Pods_RxMVVM_RxMVVMUITests.framework in Frameworks */,
			);
			runOnlyForDeploymentPostprocessing = 0;
		};
/* End PBXFrameworksBuildPhase section */

/* Begin PBXGroup section */
		188205E426C6BEFC007E2244 = {
			isa = PBXGroup;
			children = (
				188205EF26C6BEFC007E2244 /* RxMVVM */,
				1882060626C6BEFE007E2244 /* RxMVVMTests */,
				1882061126C6BEFE007E2244 /* RxMVVMUITests */,
				188205EE26C6BEFC007E2244 /* Products */,
				9F5F90EC82FE1FCC0BC35DE1 /* Pods */,
				B4E39FFB2B8312BE0911C235 /* Frameworks */,
			);
			sourceTree = "<group>";
		};
		188205EE26C6BEFC007E2244 /* Products */ = {
			isa = PBXGroup;
			children = (
				188205ED26C6BEFC007E2244 /* RxMVVM.app */,
				1882060326C6BEFE007E2244 /* RxMVVMTests.xctest */,
				1882060E26C6BEFE007E2244 /* RxMVVMUITests.xctest */,
			);
			name = Products;
			sourceTree = "<group>";
		};
		188205EF26C6BEFC007E2244 /* RxMVVM */ = {
			isa = PBXGroup;
			children = (
				C3975FF126F33B0A0036E5E7 /* Domain */,
				1882062026C6BF6F007E2244 /* Application */,
				C3975FF426F33B200036E5E7 /* Scence */,
				1882062126C6BFE4007E2244 /* Networking */,
				1882062426C6C01E007E2244 /* Resources */,
				188205F426C6BEFC007E2244 /* ViewController.swift */,
				188205F626C6BEFC007E2244 /* Main.storyboard */,
				188205FB26C6BEFE007E2244 /* LaunchScreen.storyboard */,
				188205FE26C6BEFE007E2244 /* Info.plist */,
			);
			path = RxMVVM;
			sourceTree = "<group>";
		};
		1882060626C6BEFE007E2244 /* RxMVVMTests */ = {
			isa = PBXGroup;
			children = (
				1882060726C6BEFE007E2244 /* RxMVVMTests.swift */,
				1882060926C6BEFE007E2244 /* Info.plist */,
			);
			path = RxMVVMTests;
			sourceTree = "<group>";
		};
		1882061126C6BEFE007E2244 /* RxMVVMUITests */ = {
			isa = PBXGroup;
			children = (
				1882061226C6BEFE007E2244 /* RxMVVMUITests.swift */,
				1882061426C6BEFE007E2244 /* Info.plist */,
			);
			path = RxMVVMUITests;
			sourceTree = "<group>";
		};
		1882062026C6BF6F007E2244 /* Application */ = {
			isa = PBXGroup;
			children = (
				188205F026C6BEFC007E2244 /* AppDelegate.swift */,
				188205F226C6BEFC007E2244 /* SceneDelegate.swift */,
			);
			path = Application;
			sourceTree = "<group>";
		};
		1882062126C6BFE4007E2244 /* Networking */ = {
			isa = PBXGroup;
			children = (
				C3975FF826F33B8B0036E5E7 /* Respository */,
				C3975FF726F33B850036E5E7 /* Services */,
				1882062826C6C104007E2244 /* BaseApiClient.swift */,
				1882062B26C6C113007E2244 /* BaseRepository.swift */,
				18EBC52326C7786300B74808 /* HTTPMethod.swift */,
				18EBC52626C7793700B74808 /* ServicesProtocol.swift */,
			);
			path = Networking;
			sourceTree = "<group>";
		};
		1882062426C6C01E007E2244 /* Resources */ = {
			isa = PBXGroup;
			children = (
				C3975FF926F33B980036E5E7 /* Fonts */,
				188205F926C6BEFE007E2244 /* Assets.xcassets */,
			);
			path = Resources;
			sourceTree = "<group>";
		};
		9F5F90EC82FE1FCC0BC35DE1 /* Pods */ = {
			isa = PBXGroup;
			children = (
				2FA2080B25300EC569153F1B /* Pods-RxMVVM.debug.xcconfig */,
				3685D3FC770E44CEA20F96D9 /* Pods-RxMVVM.release.xcconfig */,
				976C43C2A84C99E991321B76 /* Pods-RxMVVM-RxMVVMUITests.debug.xcconfig */,
				ECC1B6DB77E01603E8266BBB /* Pods-RxMVVM-RxMVVMUITests.release.xcconfig */,
				B2C5D7AF1A7352C8E10FE7A0 /* Pods-RxMVVMTests.debug.xcconfig */,
				7B496E7364454CC08F4CE811 /* Pods-RxMVVMTests.release.xcconfig */,
			);
			path = Pods;
			sourceTree = "<group>";
		};
		B4E39FFB2B8312BE0911C235 /* Frameworks */ = {
			isa = PBXGroup;
			children = (
				B4A62B90185937A083E13624 /* Pods_RxMVVM.framework */,
				F9E63FA87178206A76A2533D /* Pods_RxMVVM_RxMVVMUITests.framework */,
				B52668311747CE9DE7A4A2C4 /* Pods_RxMVVMTests.framework */,
			);
			name = Frameworks;
			sourceTree = "<group>";
		};
		C3975FF126F33B0A0036E5E7 /* Domain */ = {
			isa = PBXGroup;
			children = (
				C3975FF326F33B180036E5E7 /* Entities */,
				C3975FF226F33B100036E5E7 /* UserCase */,
			);
			path = Domain;
			sourceTree = "<group>";
		};
		C3975FF226F33B100036E5E7 /* UserCase */ = {
			isa = PBXGroup;
			children = (
			);
			path = UserCase;
			sourceTree = "<group>";
		};
		C3975FF326F33B180036E5E7 /* Entities */ = {
			isa = PBXGroup;
			children = (
			);
			path = Entities;
			sourceTree = "<group>";
		};
		C3975FF426F33B200036E5E7 /* Scence */ = {
			isa = PBXGroup;
			children = (
			);
			path = Scence;
			sourceTree = "<group>";
		};
		C3975FF726F33B850036E5E7 /* Services */ = {
			isa = PBXGroup;
			children = (
			);
			path = Services;
			sourceTree = "<group>";
		};
		C3975FF826F33B8B0036E5E7 /* Respository */ = {
			isa = PBXGroup;
			children = (
			);
			path = Respository;
			sourceTree = "<group>";
		};
		C3975FF926F33B980036E5E7 /* Fonts */ = {
			isa = PBXGroup;
			children = (
			);
			path = Fonts;
			sourceTree = "<group>";
		};
/* End PBXGroup section */

/* Begin PBXNativeTarget section */
		188205EC26C6BEFC007E2244 /* RxMVVM */ = {
			isa = PBXNativeTarget;
			buildConfigurationList = 1882061726C6BEFE007E2244 /* Build configuration list for PBXNativeTarget "RxMVVM" */;
			buildPhases = (
				E7523CEB3B0792A8FA690AF0 /* [CP] Check Pods Manifest.lock */,
				188205E926C6BEFC007E2244 /* Sources */,
				188205EA26C6BEFC007E2244 /* Frameworks */,
				188205EB26C6BEFC007E2244 /* Resources */,
			);
			buildRules = (
			);
			dependencies = (
			);
			name = RxMVVM;
			productName = RxMVVM;
			productReference = 188205ED26C6BEFC007E2244 /* RxMVVM.app */;
			productType = "com.apple.product-type.application";
		};
		1882060226C6BEFE007E2244 /* RxMVVMTests */ = {
			isa = PBXNativeTarget;
			buildConfigurationList = 1882061A26C6BEFE007E2244 /* Build configuration list for PBXNativeTarget "RxMVVMTests" */;
			buildPhases = (
				F2B4184BA593CAF6DC0FE299 /* [CP] Check Pods Manifest.lock */,
				188205FF26C6BEFE007E2244 /* Sources */,
				1882060026C6BEFE007E2244 /* Frameworks */,
				1882060126C6BEFE007E2244 /* Resources */,
			);
			buildRules = (
			);
			dependencies = (
				1882060526C6BEFE007E2244 /* PBXTargetDependency */,
			);
			name = RxMVVMTests;
			productName = RxMVVMTests;
			productReference = 1882060326C6BEFE007E2244 /* RxMVVMTests.xctest */;
			productType = "com.apple.product-type.bundle.unit-test";
		};
		1882060D26C6BEFE007E2244 /* RxMVVMUITests */ = {
			isa = PBXNativeTarget;
			buildConfigurationList = 1882061D26C6BEFE007E2244 /* Build configuration list for PBXNativeTarget "RxMVVMUITests" */;
			buildPhases = (
				099F1FE4FED1771AB2A28501 /* [CP] Check Pods Manifest.lock */,
				1882060A26C6BEFE007E2244 /* Sources */,
				1882060B26C6BEFE007E2244 /* Frameworks */,
				1882060C26C6BEFE007E2244 /* Resources */,
			);
			buildRules = (
			);
			dependencies = (
				1882061026C6BEFE007E2244 /* PBXTargetDependency */,
			);
			name = RxMVVMUITests;
			productName = RxMVVMUITests;
			productReference = 1882060E26C6BEFE007E2244 /* RxMVVMUITests.xctest */;
			productType = "com.apple.product-type.bundle.ui-testing";
		};
/* End PBXNativeTarget section */

/* Begin PBXProject section */
		188205E526C6BEFC007E2244 /* Project object */ = {
			isa = PBXProject;
			attributes = {
				LastSwiftUpdateCheck = 1250;
				LastUpgradeCheck = 1250;
				TargetAttributes = {
					188205EC26C6BEFC007E2244 = {
						CreatedOnToolsVersion = 12.5;
					};
					1882060226C6BEFE007E2244 = {
						CreatedOnToolsVersion = 12.5;
						TestTargetID = 188205EC26C6BEFC007E2244;
					};
					1882060D26C6BEFE007E2244 = {
						CreatedOnToolsVersion = 12.5;
						TestTargetID = 188205EC26C6BEFC007E2244;
					};
				};
			};
			buildConfigurationList = 188205E826C6BEFC007E2244 /* Build configuration list for PBXProject "RxMVVM" */;
			compatibilityVersion = "Xcode 9.3";
			developmentRegion = en;
			hasScannedForEncodings = 0;
			knownRegions = (
				en,
				Base,
			);
			mainGroup = 188205E426C6BEFC007E2244;
			productRefGroup = 188205EE26C6BEFC007E2244 /* Products */;
			projectDirPath = "";
			projectRoot = "";
			targets = (
				188205EC26C6BEFC007E2244 /* RxMVVM */,
				1882060226C6BEFE007E2244 /* RxMVVMTests */,
				1882060D26C6BEFE007E2244 /* RxMVVMUITests */,
			);
		};
/* End PBXProject section */

/* Begin PBXResourcesBuildPhase section */
		188205EB26C6BEFC007E2244 /* Resources */ = {
			isa = PBXResourcesBuildPhase;
			buildActionMask = 2147483647;
			files = (
				188205FD26C6BEFE007E2244 /* LaunchScreen.storyboard in Resources */,
				188205FA26C6BEFE007E2244 /* Assets.xcassets in Resources */,
				188205F826C6BEFC007E2244 /* Main.storyboard in Resources */,
			);
			runOnlyForDeploymentPostprocessing = 0;
		};
		1882060126C6BEFE007E2244 /* Resources */ = {
			isa = PBXResourcesBuildPhase;
			buildActionMask = 2147483647;
			files = (
			);
			runOnlyForDeploymentPostprocessing = 0;
		};
		1882060C26C6BEFE007E2244 /* Resources */ = {
			isa = PBXResourcesBuildPhase;
			buildActionMask = 2147483647;
			files = (
			);
			runOnlyForDeploymentPostprocessing = 0;
		};
/* End PBXResourcesBuildPhase section */

/* Begin PBXShellScriptBuildPhase section */
		099F1FE4FED1771AB2A28501 /* [CP] Check Pods Manifest.lock */ = {
			isa = PBXShellScriptBuildPhase;
			buildActionMask = 2147483647;
			files = (
			);
			inputFileListPaths = (
			);
			inputPaths = (
				"${PODS_PODFILE_DIR_PATH}/Podfile.lock",
				"${PODS_ROOT}/Manifest.lock",
			);
			name = "[CP] Check Pods Manifest.lock";
			outputFileListPaths = (
			);
			outputPaths = (
				"$(DERIVED_FILE_DIR)/Pods-RxMVVM-RxMVVMUITests-checkManifestLockResult.txt",
			);
			runOnlyForDeploymentPostprocessing = 0;
			shellPath = /bin/sh;
			shellScript = "diff \"${PODS_PODFILE_DIR_PATH}/Podfile.lock\" \"${PODS_ROOT}/Manifest.lock\" > /dev/null\nif [ $? != 0 ] ; then\n    # print error to STDERR\n    echo \"error: The sandbox is not in sync with the Podfile.lock. Run 'pod install' or update your CocoaPods installation.\" >&2\n    exit 1\nfi\n# This output is used by Xcode 'outputs' to avoid re-running this script phase.\necho \"SUCCESS\" > \"${SCRIPT_OUTPUT_FILE_0}\"\n";
			showEnvVarsInLog = 0;
		};
		E7523CEB3B0792A8FA690AF0 /* [CP] Check Pods Manifest.lock */ = {
			isa = PBXShellScriptBuildPhase;
			buildActionMask = 2147483647;
			files = (
			);
			inputFileListPaths = (
			);
			inputPaths = (
				"${PODS_PODFILE_DIR_PATH}/Podfile.lock",
				"${PODS_ROOT}/Manifest.lock",
			);
			name = "[CP] Check Pods Manifest.lock";
			outputFileListPaths = (
			);
			outputPaths = (
				"$(DERIVED_FILE_DIR)/Pods-RxMVVM-checkManifestLockResult.txt",
			);
			runOnlyForDeploymentPostprocessing = 0;
			shellPath = /bin/sh;
			shellScript = "diff \"${PODS_PODFILE_DIR_PATH}/Podfile.lock\" \"${PODS_ROOT}/Manifest.lock\" > /dev/null\nif [ $? != 0 ] ; then\n    # print error to STDERR\n    echo \"error: The sandbox is not in sync with the Podfile.lock. Run 'pod install' or update your CocoaPods installation.\" >&2\n    exit 1\nfi\n# This output is used by Xcode 'outputs' to avoid re-running this script phase.\necho \"SUCCESS\" > \"${SCRIPT_OUTPUT_FILE_0}\"\n";
			showEnvVarsInLog = 0;
		};
		F2B4184BA593CAF6DC0FE299 /* [CP] Check Pods Manifest.lock */ = {
			isa = PBXShellScriptBuildPhase;
			buildActionMask = 2147483647;
			files = (
			);
			inputFileListPaths = (
			);
			inputPaths = (
				"${PODS_PODFILE_DIR_PATH}/Podfile.lock",
				"${PODS_ROOT}/Manifest.lock",
			);
			name = "[CP] Check Pods Manifest.lock";
			outputFileListPaths = (
			);
			outputPaths = (
				"$(DERIVED_FILE_DIR)/Pods-RxMVVMTests-checkManifestLockResult.txt",
			);
			runOnlyForDeploymentPostprocessing = 0;
			shellPath = /bin/sh;
			shellScript = "diff \"${PODS_PODFILE_DIR_PATH}/Podfile.lock\" \"${PODS_ROOT}/Manifest.lock\" > /dev/null\nif [ $? != 0 ] ; then\n    # print error to STDERR\n    echo \"error: The sandbox is not in sync with the Podfile.lock. Run 'pod install' or update your CocoaPods installation.\" >&2\n    exit 1\nfi\n# This output is used by Xcode 'outputs' to avoid re-running this script phase.\necho \"SUCCESS\" > \"${SCRIPT_OUTPUT_FILE_0}\"\n";
			showEnvVarsInLog = 0;
		};
/* End PBXShellScriptBuildPhase section */

/* Begin PBXSourcesBuildPhase section */
		188205E926C6BEFC007E2244 /* Sources */ = {
			isa = PBXSourcesBuildPhase;
			buildActionMask = 2147483647;
			files = (
				18EBC52726C7793700B74808 /* ServicesProtocol.swift in Sources */,
				188205F526C6BEFC007E2244 /* ViewController.swift in Sources */,
				188205F126C6BEFC007E2244 /* AppDelegate.swift in Sources */,
				18EBC52426C7786300B74808 /* HTTPMethod.swift in Sources */,
				1882062926C6C104007E2244 /* BaseApiClient.swift in Sources */,
				1882062C26C6C113007E2244 /* BaseRepository.swift in Sources */,
				188205F326C6BEFC007E2244 /* SceneDelegate.swift in Sources */,
			);
			runOnlyForDeploymentPostprocessing = 0;
		};
		188205FF26C6BEFE007E2244 /* Sources */ = {
			isa = PBXSourcesBuildPhase;
			buildActionMask = 2147483647;
			files = (
				18EBC52526C7786300B74808 /* HTTPMethod.swift in Sources */,
				1882062D26C6C113007E2244 /* BaseRepository.swift in Sources */,
				1882062A26C6C104007E2244 /* BaseApiClient.swift in Sources */,
				1882060826C6BEFE007E2244 /* RxMVVMTests.swift in Sources */,
				18EBC52826C7793700B74808 /* ServicesProtocol.swift in Sources */,
			);
			runOnlyForDeploymentPostprocessing = 0;
		};
		1882060A26C6BEFE007E2244 /* Sources */ = {
			isa = PBXSourcesBuildPhase;
			buildActionMask = 2147483647;
			files = (
				1882061326C6BEFE007E2244 /* RxMVVMUITests.swift in Sources */,
			);
			runOnlyForDeploymentPostprocessing = 0;
		};
/* End PBXSourcesBuildPhase section */

/* Begin PBXTargetDependency section */
		1882060526C6BEFE007E2244 /* PBXTargetDependency */ = {
			isa = PBXTargetDependency;
			target = 188205EC26C6BEFC007E2244 /* RxMVVM */;
			targetProxy = 1882060426C6BEFE007E2244 /* PBXContainerItemProxy */;
		};
		1882061026C6BEFE007E2244 /* PBXTargetDependency */ = {
			isa = PBXTargetDependency;
			target = 188205EC26C6BEFC007E2244 /* RxMVVM */;
			targetProxy = 1882060F26C6BEFE007E2244 /* PBXContainerItemProxy */;
		};
/* End PBXTargetDependency section */

/* Begin PBXVariantGroup section */
		188205F626C6BEFC007E2244 /* Main.storyboard */ = {
			isa = PBXVariantGroup;
			children = (
				188205F726C6BEFC007E2244 /* Base */,
			);
			name = Main.storyboard;
			sourceTree = "<group>";
		};
		188205FB26C6BEFE007E2244 /* LaunchScreen.storyboard */ = {
			isa = PBXVariantGroup;
			children = (
				188205FC26C6BEFE007E2244 /* Base */,
			);
			name = LaunchScreen.storyboard;
			sourceTree = "<group>";
		};
/* End PBXVariantGroup section */

/* Begin XCBuildConfiguration section */
		1882061526C6BEFE007E2244 /* Debug */ = {
			isa = XCBuildConfiguration;
			buildSettings = {
				ALWAYS_SEARCH_USER_PATHS = NO;
				CLANG_ANALYZER_NONNULL = YES;
				CLANG_ANALYZER_NUMBER_OBJECT_CONVERSION = YES_AGGRESSIVE;
				CLANG_CXX_LANGUAGE_STANDARD = "gnu++14";
				CLANG_CXX_LIBRARY = "libc++";
				CLANG_ENABLE_MODULES = YES;
				CLANG_ENABLE_OBJC_ARC = YES;
				CLANG_ENABLE_OBJC_WEAK = YES;
				CLANG_WARN_BLOCK_CAPTURE_AUTORELEASING = YES;
				CLANG_WARN_BOOL_CONVERSION = YES;
				CLANG_WARN_COMMA = YES;
				CLANG_WARN_CONSTANT_CONVERSION = YES;
				CLANG_WARN_DEPRECATED_OBJC_IMPLEMENTATIONS = YES;
				CLANG_WARN_DIRECT_OBJC_ISA_USAGE = YES_ERROR;
				CLANG_WARN_DOCUMENTATION_COMMENTS = YES;
				CLANG_WARN_EMPTY_BODY = YES;
				CLANG_WARN_ENUM_CONVERSION = YES;
				CLANG_WARN_INFINITE_RECURSION = YES;
				CLANG_WARN_INT_CONVERSION = YES;
				CLANG_WARN_NON_LITERAL_NULL_CONVERSION = YES;
				CLANG_WARN_OBJC_IMPLICIT_RETAIN_SELF = YES;
				CLANG_WARN_OBJC_LITERAL_CONVERSION = YES;
				CLANG_WARN_OBJC_ROOT_CLASS = YES_ERROR;
				CLANG_WARN_QUOTED_INCLUDE_IN_FRAMEWORK_HEADER = YES;
				CLANG_WARN_RANGE_LOOP_ANALYSIS = YES;
				CLANG_WARN_STRICT_PROTOTYPES = YES;
				CLANG_WARN_SUSPICIOUS_MOVE = YES;
				CLANG_WARN_UNGUARDED_AVAILABILITY = YES_AGGRESSIVE;
				CLANG_WARN_UNREACHABLE_CODE = YES;
				CLANG_WARN__DUPLICATE_METHOD_MATCH = YES;
				COPY_PHASE_STRIP = NO;
				DEBUG_INFORMATION_FORMAT = dwarf;
				ENABLE_STRICT_OBJC_MSGSEND = YES;
				ENABLE_TESTABILITY = YES;
				GCC_C_LANGUAGE_STANDARD = gnu11;
				GCC_DYNAMIC_NO_PIC = NO;
				GCC_NO_COMMON_BLOCKS = YES;
				GCC_OPTIMIZATION_LEVEL = 0;
				GCC_PREPROCESSOR_DEFINITIONS = (
					"DEBUG=1",
					"$(inherited)",
				);
				GCC_WARN_64_TO_32_BIT_CONVERSION = YES;
				GCC_WARN_ABOUT_RETURN_TYPE = YES_ERROR;
				GCC_WARN_UNDECLARED_SELECTOR = YES;
				GCC_WARN_UNINITIALIZED_AUTOS = YES_AGGRESSIVE;
				GCC_WARN_UNUSED_FUNCTION = YES;
				GCC_WARN_UNUSED_VARIABLE = YES;
				IPHONEOS_DEPLOYMENT_TARGET = 14.5;
				MTL_ENABLE_DEBUG_INFO = INCLUDE_SOURCE;
				MTL_FAST_MATH = YES;
				ONLY_ACTIVE_ARCH = YES;
				SDKROOT = iphoneos;
				SWIFT_ACTIVE_COMPILATION_CONDITIONS = DEBUG;
				SWIFT_OPTIMIZATION_LEVEL = "-Onone";
			};
			name = Debug;
		};
		1882061626C6BEFE007E2244 /* Release */ = {
			isa = XCBuildConfiguration;
			buildSettings = {
				ALWAYS_SEARCH_USER_PATHS = NO;
				CLANG_ANALYZER_NONNULL = YES;
				CLANG_ANALYZER_NUMBER_OBJECT_CONVERSION = YES_AGGRESSIVE;
				CLANG_CXX_LANGUAGE_STANDARD = "gnu++14";
				CLANG_CXX_LIBRARY = "libc++";
				CLANG_ENABLE_MODULES = YES;
				CLANG_ENABLE_OBJC_ARC = YES;
				CLANG_ENABLE_OBJC_WEAK = YES;
				CLANG_WARN_BLOCK_CAPTURE_AUTORELEASING = YES;
				CLANG_WARN_BOOL_CONVERSION = YES;
				CLANG_WARN_COMMA = YES;
				CLANG_WARN_CONSTANT_CONVERSION = YES;
				CLANG_WARN_DEPRECATED_OBJC_IMPLEMENTATIONS = YES;
				CLANG_WARN_DIRECT_OBJC_ISA_USAGE = YES_ERROR;
				CLANG_WARN_DOCUMENTATION_COMMENTS = YES;
				CLANG_WARN_EMPTY_BODY = YES;
				CLANG_WARN_ENUM_CONVERSION = YES;
				CLANG_WARN_INFINITE_RECURSION = YES;
				CLANG_WARN_INT_CONVERSION = YES;
				CLANG_WARN_NON_LITERAL_NULL_CONVERSION = YES;
				CLANG_WARN_OBJC_IMPLICIT_RETAIN_SELF = YES;
				CLANG_WARN_OBJC_LITERAL_CONVERSION = YES;
				CLANG_WARN_OBJC_ROOT_CLASS = YES_ERROR;
				CLANG_WARN_QUOTED_INCLUDE_IN_FRAMEWORK_HEADER = YES;
				CLANG_WARN_RANGE_LOOP_ANALYSIS = YES;
				CLANG_WARN_STRICT_PROTOTYPES = YES;
				CLANG_WARN_SUSPICIOUS_MOVE = YES;
				CLANG_WARN_UNGUARDED_AVAILABILITY = YES_AGGRESSIVE;
				CLANG_WARN_UNREACHABLE_CODE = YES;
				CLANG_WARN__DUPLICATE_METHOD_MATCH = YES;
				COPY_PHASE_STRIP = NO;
				DEBUG_INFORMATION_FORMAT = "dwarf-with-dsym";
				ENABLE_NS_ASSERTIONS = NO;
				ENABLE_STRICT_OBJC_MSGSEND = YES;
				GCC_C_LANGUAGE_STANDARD = gnu11;
				GCC_NO_COMMON_BLOCKS = YES;
				GCC_WARN_64_TO_32_BIT_CONVERSION = YES;
				GCC_WARN_ABOUT_RETURN_TYPE = YES_ERROR;
				GCC_WARN_UNDECLARED_SELECTOR = YES;
				GCC_WARN_UNINITIALIZED_AUTOS = YES_AGGRESSIVE;
				GCC_WARN_UNUSED_FUNCTION = YES;
				GCC_WARN_UNUSED_VARIABLE = YES;
				IPHONEOS_DEPLOYMENT_TARGET = 14.5;
				MTL_ENABLE_DEBUG_INFO = NO;
				MTL_FAST_MATH = YES;
				SDKROOT = iphoneos;
				SWIFT_COMPILATION_MODE = wholemodule;
				SWIFT_OPTIMIZATION_LEVEL = "-O";
				VALIDATE_PRODUCT = YES;
			};
			name = Release;
		};
		1882061826C6BEFE007E2244 /* Debug */ = {
			isa = XCBuildConfiguration;
			baseConfigurationReference = 2FA2080B25300EC569153F1B /* Pods-RxMVVM.debug.xcconfig */;
			buildSettings = {
				ASSETCATALOG_COMPILER_APPICON_NAME = AppIcon;
				ASSETCATALOG_COMPILER_GLOBAL_ACCENT_COLOR_NAME = AccentColor;
				CODE_SIGN_IDENTITY = "iPhone Distribution";
				CODE_SIGN_STYLE = Manual;
				CURRENT_PROJECT_VERSION = 22;
				DEVELOPMENT_TEAM = KT5F7M7GUQ;
				INFOPLIST_FILE = RxMVVM/Info.plist;
				IPHONEOS_DEPLOYMENT_TARGET = 11.0;
				LD_RUNPATH_SEARCH_PATHS = (
					"$(inherited)",
					"@executable_path/Frameworks",
				);
				PRODUCT_BUNDLE_IDENTIFIER = com.rb.rust;
				PRODUCT_NAME = "$(TARGET_NAME)";
				PROVISIONING_PROFILE_SPECIFIER = Rust_Adhoc;
				SWIFT_VERSION = 5.0;
				TARGETED_DEVICE_FAMILY = "1,2";
				VERSIONING_SYSTEM = "apple-generic";
			};
			name = Debug;
		};
		1882061926C6BEFE007E2244 /* Release */ = {
			isa = XCBuildConfiguration;
			baseConfigurationReference = 3685D3FC770E44CEA20F96D9 /* Pods-RxMVVM.release.xcconfig */;
			buildSettings = {
				ASSETCATALOG_COMPILER_APPICON_NAME = AppIcon;
				ASSETCATALOG_COMPILER_GLOBAL_ACCENT_COLOR_NAME = AccentColor;
				CODE_SIGN_IDENTITY = "iPhone Distribution";
				CODE_SIGN_STYLE = Manual;
				CURRENT_PROJECT_VERSION = 22;
				DEVELOPMENT_TEAM = KT5F7M7GUQ;
				INFOPLIST_FILE = RxMVVM/Info.plist;
				IPHONEOS_DEPLOYMENT_TARGET = 11.0;
				LD_RUNPATH_SEARCH_PATHS = (
					"$(inherited)",
					"@executable_path/Frameworks",
				);
				PRODUCT_BUNDLE_IDENTIFIER = com.rb.rust;
				PRODUCT_NAME = "$(TARGET_NAME)";
				PROVISIONING_PROFILE_SPECIFIER = Rust_Adhoc;
				SWIFT_VERSION = 5.0;
				TARGETED_DEVICE_FAMILY = "1,2";
				VERSIONING_SYSTEM = "apple-generic";
			};
			name = Release;
		};
		1882061B26C6BEFE007E2244 /* Debug */ = {
			isa = XCBuildConfiguration;
			baseConfigurationReference = B2C5D7AF1A7352C8E10FE7A0 /* Pods-RxMVVMTests.debug.xcconfig */;
			buildSettings = {
				ALWAYS_EMBED_SWIFT_STANDARD_LIBRARIES = YES;
				BUNDLE_LOADER = "$(TEST_HOST)";
				CODE_SIGN_STYLE = Automatic;
				INFOPLIST_FILE = RxMVVMTests/Info.plist;
				IPHONEOS_DEPLOYMENT_TARGET = 14.5;
				LD_RUNPATH_SEARCH_PATHS = (
					"$(inherited)",
					"@executable_path/Frameworks",
					"@loader_path/Frameworks",
				);
				PRODUCT_BUNDLE_IDENTIFIER = com.rbnguyen.RxMVVMTests;
				PRODUCT_NAME = "$(TARGET_NAME)";
				SWIFT_VERSION = 5.0;
				TARGETED_DEVICE_FAMILY = "1,2";
				TEST_HOST = "$(BUILT_PRODUCTS_DIR)/RxMVVM.app/RxMVVM";
			};
			name = Debug;
		};
		1882061C26C6BEFE007E2244 /* Release */ = {
			isa = XCBuildConfiguration;
			baseConfigurationReference = 7B496E7364454CC08F4CE811 /* Pods-RxMVVMTests.release.xcconfig */;
			buildSettings = {
				ALWAYS_EMBED_SWIFT_STANDARD_LIBRARIES = YES;
				BUNDLE_LOADER = "$(TEST_HOST)";
				CODE_SIGN_STYLE = Automatic;
				INFOPLIST_FILE = RxMVVMTests/Info.plist;
				IPHONEOS_DEPLOYMENT_TARGET = 14.5;
				LD_RUNPATH_SEARCH_PATHS = (
					"$(inherited)",
					"@executable_path/Frameworks",
					"@loader_path/Frameworks",
				);
				PRODUCT_BUNDLE_IDENTIFIER = com.rbnguyen.RxMVVMTests;
				PRODUCT_NAME = "$(TARGET_NAME)";
				SWIFT_VERSION = 5.0;
				TARGETED_DEVICE_FAMILY = "1,2";
				TEST_HOST = "$(BUILT_PRODUCTS_DIR)/RxMVVM.app/RxMVVM";
			};
			name = Release;
		};
		1882061E26C6BEFE007E2244 /* Debug */ = {
			isa = XCBuildConfiguration;
			baseConfigurationReference = 976C43C2A84C99E991321B76 /* Pods-RxMVVM-RxMVVMUITests.debug.xcconfig */;
			buildSettings = {
				ALWAYS_EMBED_SWIFT_STANDARD_LIBRARIES = YES;
				CODE_SIGN_STYLE = Automatic;
				INFOPLIST_FILE = RxMVVMUITests/Info.plist;
				LD_RUNPATH_SEARCH_PATHS = (
					"$(inherited)",
					"@executable_path/Frameworks",
					"@loader_path/Frameworks",
				);
				PRODUCT_BUNDLE_IDENTIFIER = com.rbnguyen.RxMVVMUITests;
				PRODUCT_NAME = "$(TARGET_NAME)";
				SWIFT_VERSION = 5.0;
				TARGETED_DEVICE_FAMILY = "1,2";
				TEST_TARGET_NAME = RxMVVM;
			};
			name = Debug;
		};
		1882061F26C6BEFE007E2244 /* Release */ = {
			isa = XCBuildConfiguration;
			baseConfigurationReference = ECC1B6DB77E01603E8266BBB /* Pods-RxMVVM-RxMVVMUITests.release.xcconfig */;
			buildSettings = {
				ALWAYS_EMBED_SWIFT_STANDARD_LIBRARIES = YES;
				CODE_SIGN_STYLE = Automatic;
				INFOPLIST_FILE = RxMVVMUITests/Info.plist;
				LD_RUNPATH_SEARCH_PATHS = (
					"$(inherited)",
					"@executable_path/Frameworks",
					"@loader_path/Frameworks",
				);
				PRODUCT_BUNDLE_IDENTIFIER = com.rbnguyen.RxMVVMUITests;
				PRODUCT_NAME = "$(TARGET_NAME)";
				SWIFT_VERSION = 5.0;
				TARGETED_DEVICE_FAMILY = "1,2";
				TEST_TARGET_NAME = RxMVVM;
			};
			name = Release;
		};
/* End XCBuildConfiguration section */

/* Begin XCConfigurationList section */
		188205E826C6BEFC007E2244 /* Build configuration list for PBXProject "RxMVVM" */ = {
			isa = XCConfigurationList;
			buildConfigurations = (
				1882061526C6BEFE007E2244 /* Debug */,
				1882061626C6BEFE007E2244 /* Release */,
			);
			defaultConfigurationIsVisible = 0;
			defaultConfigurationName = Release;
		};
		1882061726C6BEFE007E2244 /* Build configuration list for PBXNativeTarget "RxMVVM" */ = {
			isa = XCConfigurationList;
			buildConfigurations = (
				1882061826C6BEFE007E2244 /* Debug */,
				1882061926C6BEFE007E2244 /* Release */,
			);
			defaultConfigurationIsVisible = 0;
			defaultConfigurationName = Release;
		};
		1882061A26C6BEFE007E2244 /* Build configuration list for PBXNativeTarget "RxMVVMTests" */ = {
			isa = XCConfigurationList;
			buildConfigurations = (
				1882061B26C6BEFE007E2244 /* Debug */,
				1882061C26C6BEFE007E2244 /* Release */,
			);
			defaultConfigurationIsVisible = 0;
			defaultConfigurationName = Release;
		};
		1882061D26C6BEFE007E2244 /* Build configuration list for PBXNativeTarget "RxMVVMUITests" */ = {
			isa = XCConfigurationList;
			buildConfigurations = (
				1882061E26C6BEFE007E2244 /* Debug */,
				1882061F26C6BEFE007E2244 /* Release */,
			);
			defaultConfigurationIsVisible = 0;
			defaultConfigurationName = Release;
		};
/* End XCConfigurationList section */
	};
	rootObject = 188205E526C6BEFC007E2244 /* Project object */;
}
